<?xml version="1.0" encoding="utf-8"?>
<Project ToolsVersion="4.0" xmlns="http://schemas.microsoft.com/developer/msbuild/2003">
  <ItemGroup>
    <Filter Include="Source Files">
      <UniqueIdentifier>{895c73f4-2976-4ba8-901a-e8d7f838fd67}</UniqueIdentifier>
      <Extensions>cpp;c;cxx;rc;def;r;odl;idl;hpj;bat</Extensions>
    </Filter>
    <Filter Include="Header Files">
      <UniqueIdentifier>{ccecbbf6-c5be-4d25-a35e-5edc0dbae6cd}</UniqueIdentifier>
      <Extensions>h;hpp;hxx;hm;inl</Extensions>
    </Filter>
    <Filter Include="Resource Files">
      <UniqueIdentifier>{532d6902-3141-45f1-acfe-05f361e8aed1}</UniqueIdentifier>
      <Extensions>ico;cur;bmp;dlg;rc2;rct;bin;cnt;rtf;gif;jpg;jpeg;jpe</Extensions>
    </Filter>
  </ItemGroup>
  <ItemGroup>
    <ClCompile Include="AnimationSettingsDlg.cpp">
      <Filter>Source Files</Filter>
    </ClCompile>
    <ClCompile Include="BoxLimit.cpp">
      <Filter>Source Files</Filter>
    </ClCompile>
    <ClCompile Include="ChildFrm.cpp">
      <Filter>Source Files</Filter>
    </ClCompile>
    <ClCompile Include="CNCComms.cpp">
      <Filter>Source Files</Filter>
    </ClCompile>
    <ClCompile Include="CNCControlApp.cpp">
      <Filter>Source Files</Filter>
    </ClCompile>
    <ClCompile Include="CNCControlDoc.cpp">
      <Filter>Source Files</Filter>
    </ClCompile>
    <ClCompile Include="CNCControlView.cpp">
      <Filter>Source Files</Filter>
    </ClCompile>
    <ClCompile Include="CommsDataDlg.cpp">
      <Filter>Source Files</Filter>
    </ClCompile>
    <ClCompile Include="ContPathData.cpp">
      <Filter>Source Files</Filter>
    </ClCompile>
    <ClCompile Include="Controller.cpp">
      <Filter>Source Files</Filter>
    </ClCompile>
    <ClCompile Include="ControllerPath.cpp">
      <Filter>Source Files</Filter>
    </ClCompile>
    <ClCompile Include="ControllerTracker.cpp">
      <Filter>Source Files</Filter>
    </ClCompile>
    <ClCompile Include="DiagnoseDlg.cpp">
      <Filter>Source Files</Filter>
    </ClCompile>
    <ClCompile Include="DimensionsDlg.cpp">
      <Filter>Source Files</Filter>
    </ClCompile>
    <ClCompile Include="..\Common\DlgUtils.cpp">
      <Filter>Source Files</Filter>
    </ClCompile>
    <ClCompile Include="GeneralOptionsDlg.cpp">
      <Filter>Source Files</Filter>
    </ClCompile>
    <ClCompile Include="GridView.cpp">
      <Filter>Source Files</Filter>
    </ClCompile>
    <ClCompile Include="ItemEdit.cpp">
      <Filter>Source Files</Filter>
    </ClCompile>
    <ClCompile Include="LogDoc.cpp">
      <Filter>Source Files</Filter>
    </ClCompile>
    <ClCompile Include="MachinePathSegDlg.cpp">
      <Filter>Source Files</Filter>
    </ClCompile>
    <ClCompile Include="MachinePropDlg.cpp">
      <Filter>Source Files</Filter>
    </ClCompile>
    <ClCompile Include="MachineSim.cpp">
      <Filter>Source Files</Filter>
    </ClCompile>
    <ClCompile Include="MachineState.cpp">
      <Filter>Source Files</Filter>
    </ClCompile>
    <ClCompile Include="MachineStatusView.cpp">
      <Filter>Source Files</Filter>
    </ClCompile>
    <ClCompile Include="MachineTracker.cpp">
      <Filter>Source Files</Filter>
    </ClCompile>
    <ClCompile Include="MainFrm.cpp">
      <Filter>Source Files</Filter>
    </ClCompile>
    <ClCompile Include="ManualControlView.cpp">
      <Filter>Source Files</Filter>
    </ClCompile>
    <ClCompile Include="..\Common\MoveView.cpp">
      <Filter>Source Files</Filter>
    </ClCompile>
    <ClCompile Include="Packet.cpp">
      <Filter>Source Files</Filter>
    </ClCompile>
    <ClCompile Include="Param.cpp">
      <Filter>Source Files</Filter>
    </ClCompile>
    <ClCompile Include="ParamDoc.cpp">
      <Filter>Source Files</Filter>
    </ClCompile>
    <ClCompile Include="ParamLoader.cpp">
      <Filter>Source Files</Filter>
    </ClCompile>
    <ClCompile Include="ParamView.cpp">
      <Filter>Source Files</Filter>
    </ClCompile>
    <ClCompile Include="PathAnimateView.cpp">
      <Filter>Source Files</Filter>
    </ClCompile>
    <ClCompile Include="PathBuilder.cpp">
      <Filter>Source Files</Filter>
    </ClCompile>
    <ClCompile Include="PathDataObjects.cpp">
      <Filter>Source Files</Filter>
    </ClCompile>
    <ClCompile Include="PathDoc.cpp">
      <Filter>Source Files</Filter>
    </ClCompile>
    <ClCompile Include="PathLoader.cpp">
      <Filter>Source Files</Filter>
    </ClCompile>
    <ClCompile Include="PathMove.cpp">
      <Filter>Source Files</Filter>
    </ClCompile>
    <ClCompile Include="PathNCIDoc.cpp">
      <Filter>Source Files</Filter>
    </ClCompile>
    <ClCompile Include="PathPositionDlg.cpp">
      <Filter>Source Files</Filter>
    </ClCompile>
    <ClCompile Include="PathSpeed.cpp">
      <Filter>Source Files</Filter>
    </ClCompile>
    <ClCompile Include="PathSpeedDoc.cpp">
      <Filter>Source Files</Filter>
    </ClCompile>
    <ClCompile Include="PathSpeedView.cpp">
      <Filter>Source Files</Filter>
    </ClCompile>
    <ClCompile Include="PathTimeStep.cpp">
      <Filter>Source Files</Filter>
    </ClCompile>
    <ClCompile Include="PathTracker.cpp">
      <Filter>Source Files</Filter>
    </ClCompile>
    <ClCompile Include="PathView.cpp">
      <Filter>Source Files</Filter>
    </ClCompile>
    <ClCompile Include="PktControl.cpp">
      <Filter>Source Files</Filter>
    </ClCompile>
    <ClCompile Include="PlayerBar.cpp">
      <Filter>Source Files</Filter>
    </ClCompile>
    <ClCompile Include="PolyCurveFit.cpp">
      <Filter>Source Files</Filter>
    </ClCompile>
    <ClCompile Include="PortSelDlg.cpp">
      <Filter>Source Files</Filter>
    </ClCompile>
    <ClCompile Include="PosConverter.cpp">
      <Filter>Source Files</Filter>
    </ClCompile>
    <ClCompile Include="ProbeSampler.cpp">
      <Filter>Source Files</Filter>
    </ClCompile>
    <ClCompile Include="ProbeSampleView.cpp">
      <Filter>Source Files</Filter>
    </ClCompile>
    <ClCompile Include="ReadEPSFile.cpp">
      <Filter>Source Files</Filter>
    </ClCompile>
    <ClCompile Include="ReadNCIFile.cpp">
      <Filter>Source Files</Filter>
    </ClCompile>
    <ClCompile Include="SeekValue.cpp">
      <Filter>Source Files</Filter>
    </ClCompile>
    <ClCompile Include="SendBytesDlg.cpp">
      <Filter>Source Files</Filter>
    </ClCompile>
    <ClCompile Include="Settings.cpp">
      <Filter>Source Files</Filter>
    </ClCompile>
    <ClCompile Include="SettingsData.cpp">
      <Filter>Source Files</Filter>
    </ClCompile>
    <ClCompile Include="SetToolDlg.cpp">
      <Filter>Source Files</Filter>
    </ClCompile>
    <ClCompile Include="StdAfx.cpp">
      <Filter>Source Files</Filter>
    </ClCompile>
    <ClCompile Include="Store.cpp">
      <Filter>Source Files</Filter>
    </ClCompile>
    <ClCompile Include="..\Common\StrUtils.cpp">
      <Filter>Source Files</Filter>
    </ClCompile>
  </ItemGroup>
  <ItemGroup>
    <ResourceCompile Include="CNCControl.rc">
      <Filter>Source Files</Filter>
    </ResourceCompile>
  </ItemGroup>
  <ItemGroup>
    <ClInclude Include="AnimationSettingsDlg.h">
      <Filter>Header Files</Filter>
    </ClInclude>
    <ClInclude Include="BoxLimit.h">
      <Filter>Header Files</Filter>
    </ClInclude>
    <ClInclude Include="ChildFrm.h">
      <Filter>Header Files</Filter>
    </ClInclude>
    <ClInclude Include="CNCComms.h">
      <Filter>Header Files</Filter>
    </ClInclude>
    <ClInclude Include="CNCControl.h">
      <Filter>Header Files</Filter>
    </ClInclude>
    <ClInclude Include="CNCControlApp.h">
      <Filter>Header Files</Filter>
    </ClInclude>
    <ClInclude Include="CNCControlDoc.h">
      <Filter>Header Files</Filter>
    </ClInclude>
    <ClInclude Include="CNCControlView.h">
      <Filter>Header Files</Filter>
    </ClInclude>
    <ClInclude Include="CommsDataDlg.h">
      <Filter>Header Files</Filter>
    </ClInclude>
    <ClInclude Include="ContPathData.h">
      <Filter>Header Files</Filter>
    </ClInclude>
    <ClInclude Include="Controller.h">
      <Filter>Header Files</Filter>
    </ClInclude>
    <ClInclude Include="ControllerPath.h">
      <Filter>Header Files</Filter>
    </ClInclude>
    <ClInclude Include="ControllerTracker.h">
      <Filter>Header Files</Filter>
    </ClInclude>
    <ClInclude Include="DiagnoseDlg.h">
      <Filter>Header Files</Filter>
    </ClInclude>
    <ClInclude Include="DimensionsDlg.h">
      <Filter>Header Files</Filter>
    </ClInclude>
    <ClInclude Include="..\Common\DlgUtils.h">
      <Filter>Header Files</Filter>
    </ClInclude>
    <ClInclude Include="..\Common\FIFOBuffer.h">
      <Filter>Header Files</Filter>
    </ClInclude>
    <ClInclude Include="GeneralOptionsDlg.h">
      <Filter>Header Files</Filter>
    </ClInclude>
    <ClInclude Include="GridView.h">
      <Filter>Header Files</Filter>
    </ClInclude>
    <ClInclude Include="ItemEdit.h">
      <Filter>Header Files</Filter>
    </ClInclude>
    <ClInclude Include="ListArray.h">
      <Filter>Header Files</Filter>
    </ClInclude>
    <ClInclude Include="LogDoc.h">
      <Filter>Header Files</Filter>
    </ClInclude>
    <ClInclude Include="MachineCodes.h">
      <Filter>Header Files</Filter>
    </ClInclude>
    <ClInclude Include="MachinePathSegDlg.h">
      <Filter>Header Files</Filter>
    </ClInclude>
    <ClInclude Include="MachinePropDlg.h">
      <Filter>Header Files</Filter>
    </ClInclude>
    <ClInclude Include="MachineSim.h">
      <Filter>Header Files</Filter>
    </ClInclude>
    <ClInclude Include="MachineState.h">
      <Filter>Header Files</Filter>
    </ClInclude>
    <ClInclude Include="MachineStatusView.h">
      <Filter>Header Files</Filter>
    </ClInclude>
    <ClInclude Include="MachineTracker.h">
      <Filter>Header Files</Filter>
    </ClInclude>
    <ClInclude Include="MainFrm.h">
      <Filter>Header Files</Filter>
    </ClInclude>
    <ClInclude Include="ManualControlView.h">
      <Filter>Header Files</Filter>
    </ClInclude>
    <ClInclude Include="..\Common\Matrix.h">
      <Filter>Header Files</Filter>
    </ClInclude>
    <ClInclude Include="..\Common\MostRecentList.h">
      <Filter>Header Files</Filter>
    </ClInclude>
    <ClInclude Include="..\Common\MoveView.h">
      <Filter>Header Files</Filter>
    </ClInclude>
    <ClInclude Include="Packet.h">
      <Filter>Header Files</Filter>
    </ClInclude>
    <ClInclude Include="Param.h">
      <Filter>Header Files</Filter>
    </ClInclude>
    <ClInclude Include="ParamDoc.h">
      <Filter>Header Files</Filter>
    </ClInclude>
    <ClInclude Include="ParamLoader.h">
      <Filter>Header Files</Filter>
    </ClInclude>
    <ClInclude Include="ParamView.h">
      <Filter>Header Files</Filter>
    </ClInclude>
    <ClInclude Include="PathAnimateView.h">
      <Filter>Header Files</Filter>
    </ClInclude>
    <ClInclude Include="PathBuilder.h">
      <Filter>Header Files</Filter>
    </ClInclude>
    <ClInclude Include="PathDataObjects.h">
      <Filter>Header Files</Filter>
    </ClInclude>
    <ClInclude Include="PathDoc.h">
      <Filter>Header Files</Filter>
    </ClInclude>
    <ClInclude Include="PathLoader.h">
      <Filter>Header Files</Filter>
    </ClInclude>
    <ClInclude Include="PathMove.h">
      <Filter>Header Files</Filter>
    </ClInclude>
    <ClInclude Include="PathNCIDoc.h">
      <Filter>Header Files</Filter>
    </ClInclude>
    <ClInclude Include="PathPositionDlg.h">
      <Filter>Header Files</Filter>
    </ClInclude>
    <ClInclude Include="PathSpeed.h">
      <Filter>Header Files</Filter>
    </ClInclude>
    <ClInclude Include="PathSpeedDoc.h">
      <Filter>Header Files</Filter>
    </ClInclude>
    <ClInclude Include="PathSpeedView.h">
      <Filter>Header Files</Filter>
    </ClInclude>
    <ClInclude Include="PathTimeStep.h">
      <Filter>Header Files</Filter>
    </ClInclude>
    <ClInclude Include="PathTracker.h">
      <Filter>Header Files</Filter>
    </ClInclude>
    <ClInclude Include="PathView.h">
      <Filter>Header Files</Filter>
    </ClInclude>
    <ClInclude Include="PktControl.h">
      <Filter>Header Files</Filter>
    </ClInclude>
    <ClInclude Include="PlayerBar.h">
      <Filter>Header Files</Filter>
    </ClInclude>
    <ClInclude Include="PolyCurveFit.h">
      <Filter>Header Files</Filter>
    </ClInclude>
    <ClInclude Include="PortSelDlg.h">
      <Filter>Header Files</Filter>
    </ClInclude>
    <ClInclude Include="PosConverter.h">
      <Filter>Header Files</Filter>
    </ClInclude>
    <ClInclude Include="ProbeSampler.h">
      <Filter>Header Files</Filter>
    </ClInclude>
    <ClInclude Include="ProbeSampleView.h">
      <Filter>Header Files</Filter>
    </ClInclude>
    <ClInclude Include="ReadEPSFile.h">
      <Filter>Header Files</Filter>
    </ClInclude>
    <ClInclude Include="ReadNCIFile.h">
      <Filter>Header Files</Filter>
    </ClInclude>
    <ClInclude Include="Resource.h">
      <Filter>Header Files</Filter>
    </ClInclude>
    <ClInclude Include="SeekValue.h">
      <Filter>Header Files</Filter>
    </ClInclude>
    <ClInclude Include="SendBytesDlg.h">
      <Filter>Header Files</Filter>
    </ClInclude>
    <ClInclude Include="Settings.h">
      <Filter>Header Files</Filter>
    </ClInclude>
    <ClInclude Include="SettingsData.h">
      <Filter>Header Files</Filter>
    </ClInclude>
    <ClInclude Include="SetToolDlg.h">
      <Filter>Header Files</Filter>
    </ClInclude>
    <ClInclude Include="StdAfx.h">
      <Filter>Header Files</Filter>
    </ClInclude>
    <ClInclude Include="Store.h">
      <Filter>Header Files</Filter>
    </ClInclude>
    <ClInclude Include="..\Common\StrUtils.h">
      <Filter>Header Files</Filter>
    </ClInclude>
    <ClInclude Include="ThreadMessages.h">
      <Filter>Header Files</Filter>
    </ClInclude>
    <ClInclude Include="..\Common\Vector.h">
      <Filter>Header Files</Filter>
    </ClInclude>
  </ItemGroup>
  <ItemGroup>
    <Image Include="res\bitmap1.bmp">
      <Filter>Resource Files</Filter>
    </Image>
    <Image Include="res\bitmap2.bmp">
      <Filter>Resource Files</Filter>
    </Image>
    <Image Include="res\bitmap3.bmp">
      <Filter>Resource Files</Filter>
    </Image>
    <Image Include="res\bmp00001.bmp">
      <Filter>Resource Files</Filter>
    </Image>
    <Image Include="res\bmp00002.bmp">
      <Filter>Resource Files</Filter>
    </Image>
    <Image Include="res\bmp00003.bmp">
      <Filter>Resource Files</Filter>
    </Image>
    <Image Include="res\bmp00004.bmp">
      <Filter>Resource Files</Filter>
    </Image>
    <Image Include="res\bmp00005.bmp">
      <Filter>Resource Files</Filter>
    </Image>
    <Image Include="res\bmp00006.bmp">
      <Filter>Resource Files</Filter>
    </Image>
    <Image Include="res\buttondo.bmp">
      <Filter>Resource Files</Filter>
    </Image>
    <Image Include="res\buttonup.bmp">
      <Filter>Resource Files</Filter>
    </Image>
    <Image Include="res\CNCControl.ico">
      <Filter>Resource Files</Filter>
    </Image>
    <Image Include="res\CNCControlDoc.ico">
      <Filter>Resource Files</Filter>
    </Image>
    <Image Include="res\idc_butt.bmp">
      <Filter>Resource Files</Filter>
    </Image>
    <Image Include="res\motionpl.bmp">
      <Filter>Resource Files</Filter>
    </Image>
    <Image Include="res\pathtoolbar.bmp">
      <Filter>Resource Files</Filter>
    </Image>
    <Image Include="res\playerba.bmp">
      <Filter>Resource Files</Filter>
    </Image>
    <Image Include="res\Toolbar.bmp">
      <Filter>Resource Files</Filter>
    </Image>
    <Image Include="res\toolbar1.bmp">
      <Filter>Resource Files</Filter>
    </Image>
    <Image Include="res\toolbarz.bmp">
      <Filter>Resource Files</Filter>
    </Image>
    <Image Include="res\viewdirb.bmp">
      <Filter>Resource Files</Filter>
    </Image>
  </ItemGroup>
  <ItemGroup>
    <Text Include="Commands.txt" />
    <Text Include="Formula CNCControl.txt" />
    <Text Include="Formula Curve Fit Splitting.txt" />
    <Text Include="Formula Motor Control.txt" />
    <Text Include="ReadMe.txt" />
    <Text Include="Results Limits.txt" />
    <Text Include="Results S.txt" />
    <Text Include="Results Time.txt" />
    <Text Include="Software.txt" />
    <Text Include="ToDo.txt" />
  </ItemGroup>
  <ItemGroup>
    <Library Include="..\PathMath\Debug\PathMath.lib" />
  </ItemGroup>
  <ItemGroup>
    <CustomBuild Include="res\CNCControl.rc2">
      <Filter>Resource Files</Filter>
    </CustomBuild>
    <CustomBuild Include="Cnc.par" />
  </ItemGroup>
</Project>